{
  "object": {
    "pins": [
      {
        "package": "SkyTestFoundation",
        "repositoryURL": "https://github.com/sky-uk/client-lib-ios-test-foundation",
        "state": {
          "branch": "if_os",
          "revision": "cf3c7eeb4deef7ca700b2875fb636fc5429a5cb9",
          "version": null
        }
      },
      {
        "package": "Swifter",
        "repositoryURL": "https://github.com/httpswift/swifter",
        "state": {
          "branch": null,
          "revision": "9483a5d459b45c3ffd059f7b55f9638e268632fd",
          "version": "1.5.0"
        }
      }
    ]
  },
  "version": 1
}
