{
  "object": {
    "pins": [
      {
        "package": "SkyTestFoundation",
        "repositoryURL": "/Users/sky/workspace/client-lib-ios-test-foundation",
        "state": {
          "branch": "if_os",
          "revision": "fc07f0a7686a07c0b1f8a3e9dbe7fde581721b77",
          "version": null
        }
      },
      {
        "package": "Swifter",
        "repositoryURL": "https://github.com/httpswift/swifter",
        "state": {
          "branch": null,
          "revision": "9483a5d459b45c3ffd059f7b55f9638e268632fd",
          "version": "1.5.0"
        }
      }
    ]
  },
  "version": 1
}
