{
  "object": {
    "pins": [
      {
        "package": "SkyTestFoundation",
        "repositoryURL": "https://github.com/sky-uk/client-lib-ios-test-foundation",
        "state": {
          "branch": null,
          "revision": "13e4f501f2bffcc6d9c1596accfc9498a854ca99",
          "version": "2.0.4"
        }
      },
      {
        "package": "Swifter",
        "repositoryURL": "https://github.com/httpswift/swifter",
        "state": {
          "branch": null,
          "revision": "9483a5d459b45c3ffd059f7b55f9638e268632fd",
          "version": "1.5.0"
        }
      }
    ]
  },
  "version": 1
}
